
Microsoft Visual Studio Solution File, Format Version 11.00
# Visual Studio 2010
Project("{8BC9CEB8-8B4A-11D0-8D11-00A0C91BC942}") = "WestWorld1", "WestWorld1.vcxproj", "{6D1671B2-3063-893F-7E3D-5E23D5164A3D}"
EndProject
Global
	GlobalSection(SolutionConfigurationPlatforms) = preSolution
		Debug|Win32 = Debug|Win32
		Release|Win32 = Release|Win32
	EndGlobalSection
	GlobalSection(ProjectConfigurationPlatforms) = postSolution
		{6D1671B2-3063-893F-7E3D-5E23D5164A3D}.Debug|Win32.ActiveCfg = Debug|Win32
		{6D1671B2-3063-893F-7E3D-5E23D5164A3D}.Debug|Win32.Build.0 = Debug|Win32
		{6D1671B2-3063-893F-7E3D-5E23D5164A3D}.Release|Win32.ActiveCfg = Release|Win32
		{6D1671B2-3063-893F-7E3D-5E23D5164A3D}.Release|Win32.Build.0 = Release|Win32
	EndGlobalSection
	GlobalSection(SolutionProperties) = preSolution
		HideSolutionNode = FALSE
	EndGlobalSection
EndGlobal
